
Microsoft Visual Studio Solution File, Format Version 12.00
# Visual Studio 15
VisualStudioVersion = 15.0.27004.2008
MinimumVisualStudioVersion = 10.0.40219.1
Project("{FAE04EC0-301F-11D3-BF4B-00C04F79EFBC}") = "Consapino.UI", "Consapino.UI\Consapino.UI.csproj", "{CD1EE3B4-0A44-4CBD-B8C0-11474BE0C99D}"
EndProject
Global
	GlobalSection(SolutionConfigurationPlatforms) = preSolution
		Debug|Any CPU = Debug|Any CPU
		Release|Any CPU = Release|Any CPU
	EndGlobalSection
	GlobalSection(ProjectConfigurationPlatforms) = postSolution
		{CD1EE3B4-0A44-4CBD-B8C0-11474BE0C99D}.Debug|Any CPU.ActiveCfg = Debug|Any CPU
		{CD1EE3B4-0A44-4CBD-B8C0-11474BE0C99D}.Debug|Any CPU.Build.0 = Debug|Any CPU
		{CD1EE3B4-0A44-4CBD-B8C0-11474BE0C99D}.Release|Any CPU.ActiveCfg = Release|Any CPU
		{CD1EE3B4-0A44-4CBD-B8C0-11474BE0C99D}.Release|Any CPU.Build.0 = Release|Any CPU
	EndGlobalSection
	GlobalSection(SolutionProperties) = preSolution
		HideSolutionNode = FALSE
	EndGlobalSection
	GlobalSection(ExtensibilityGlobals) = postSolution
		SolutionGuid = {F4C982A6-D9E8-4222-B060-8D3A9FDF53CF}
	EndGlobalSection
EndGlobal
